Microsoft Visual Studio Solution File, Format Version 12.00
# Visual Studio Version 17
VisualStudioVersion = 17.13.35919.96
MinimumVisualStudioVersion = 10.0.40219.1
Project("{2150E333-8FDC-42A3-9474-1A3956D46DE8}") = "Microservices", "Microservices", "{02EA681E-C7D8-13C7-8484-4AC65E1B71E8}"
EndProject
Project("{FAE04EC0-301F-11D3-BF4B-00C04F79EFBC}") = "Product Microservice", "Product Microservice\Product Microservice.csproj", "{E87D7BE8-64E8-4FE1-9432-F8D1E68EB0D4}"
EndProject
Project("{FAE04EC0-301F-11D3-BF4B-00C04F79EFBC}") = "Customer.Microservice", "Customer.Microservice\Customer.Microservice.csproj", "{3B34465F-5D83-4F98-AE93-A034C88FB505}"
EndProject
Project("{FAE04EC0-301F-11D3-BF4B-00C04F79EFBC}") = "Gateway.WebApi", "Gateway.WebApi\Gateway.WebApi.csproj", "{4206A2F0-F911-4EF9-934E-AE8208D45184}"
EndProject
Global
	GlobalSection(SolutionConfigurationPlatforms) = preSolution
		Debug|Any CPU = Debug|Any CPU
		Release|Any CPU = Release|Any CPU
	EndGlobalSection
	GlobalSection(ProjectConfigurationPlatforms) = postSolution
		{E87D7BE8-64E8-4FE1-9432-F8D1E68EB0D4}.Debug|Any CPU.ActiveCfg = Debug|Any CPU
		{E87D7BE8-64E8-4FE1-9432-F8D1E68EB0D4}.Debug|Any CPU.Build.0 = Debug|Any CPU
		{E87D7BE8-64E8-4FE1-9432-F8D1E68EB0D4}.Release|Any CPU.ActiveCfg = Release|Any CPU
		{E87D7BE8-64E8-4FE1-9432-F8D1E68EB0D4}.Release|Any CPU.Build.0 = Release|Any CPU
		{3B34465F-5D83-4F98-AE93-A034C88FB505}.Debug|Any CPU.ActiveCfg = Debug|Any CPU
		{3B34465F-5D83-4F98-AE93-A034C88FB505}.Debug|Any CPU.Build.0 = Debug|Any CPU
		{3B34465F-5D83-4F98-AE93-A034C88FB505}.Release|Any CPU.ActiveCfg = Release|Any CPU
		{3B34465F-5D83-4F98-AE93-A034C88FB505}.Release|Any CPU.Build.0 = Release|Any CPU
		{4206A2F0-F911-4EF9-934E-AE8208D45184}.Debug|Any CPU.ActiveCfg = Debug|Any CPU
		{4206A2F0-F911-4EF9-934E-AE8208D45184}.Debug|Any CPU.Build.0 = Debug|Any CPU
		{4206A2F0-F911-4EF9-934E-AE8208D45184}.Release|Any CPU.ActiveCfg = Release|Any CPU
		{4206A2F0-F911-4EF9-934E-AE8208D45184}.Release|Any CPU.Build.0 = Release|Any CPU
	EndGlobalSection
	GlobalSection(SolutionProperties) = preSolution
		HideSolutionNode = FALSE
	EndGlobalSection
	GlobalSection(NestedProjects) = preSolution
		{E87D7BE8-64E8-4FE1-9432-F8D1E68EB0D4} = {02EA681E-C7D8-13C7-8484-4AC65E1B71E8}
		{3B34465F-5D83-4F98-AE93-A034C88FB505} = {02EA681E-C7D8-13C7-8484-4AC65E1B71E8}
	EndGlobalSection
	GlobalSection(ExtensibilityGlobals) = postSolution
		SolutionGuid = {32952F6D-633D-4C20-B048-A387873B3BD7}
	EndGlobalSection
EndGlobal
